{
  "name": "counter",
  "version": "1.0.0",
  "lockfileVersion": 1,
  "requires": true,
  "dependencies": {
    "axios": {
      "version": "0.16.2",
      "resolved": "https://registry.npmjs.org/axios/-/axios-0.16.2.tgz",
      "integrity": "sha1-uk+S8XFn37q0CYN4VFS5rBScPG0=",
      "requires": {
        "follow-redirects": "1.2.4",
        "is-buffer": "1.1.5"
      }
    },
    "bencode": {
      "version": "1.0.0",
      "resolved": "https://registry.npmjs.org/bencode/-/bencode-1.0.0.tgz",
      "integrity": "sha512-N+VOSP5MkoX+xgnp6Y056iCY5TmCZg9rgPNPQe0bIiXchxYFP4vs/Tf0dTdQ+qQhP7HM2gvfFq+sUVjQsGy5Zw==",
      "requires": {
        "safe-buffer": "5.1.1"
      }
    },
    "bittorrent-dht": {
      "version": "7.7.0",
      "resolved": "https://registry.npmjs.org/bittorrent-dht/-/bittorrent-dht-7.7.0.tgz",
      "integrity": "sha512-SiyZeU36dk/JhekJBPPYk11r9mHxz/+li29vVhJIgKOJFEJz3gPV7hLT3KtFA++pE1kYcUZYTgpihAhzZIbYWg==",
      "requires": {
        "bencode": "1.0.0",
        "buffer-equals": "1.0.4",
        "debug": "3.1.0",
        "inherits": "2.0.3",
        "k-bucket": "3.3.0",
        "k-rpc": "4.2.0",
        "lru": "3.1.0",
        "randombytes": "2.0.5",
        "safe-buffer": "5.1.1",
        "simple-sha1": "2.1.0"
      },
      "dependencies": {
        "debug": {
          "version": "3.1.0",
          "resolved": "https://registry.npmjs.org/debug/-/debug-3.1.0.tgz",
          "integrity": "sha512-OX8XqP7/1a9cqkxYw2yXss15f26NKWBpDXQd0/uK/KPqdQhxbPa994hnzjcE2VqQpDslf55723cKPUOGSmMY3g==",
          "requires": {
            "ms": "2.0.0"
          }
        }
      }
    },
    "buffer-equals": {
      "version": "1.0.4",
      "resolved": "https://registry.npmjs.org/buffer-equals/-/buffer-equals-1.0.4.tgz",
      "integrity": "sha1-A1O1T9B/2VZBcGca5vZrnPENJ/U="
    },
    "buffer-indexof": {
      "version": "1.1.1",
      "resolved": "https://registry.npmjs.org/buffer-indexof/-/buffer-indexof-1.1.1.tgz",
      "integrity": "sha512-4/rOEg86jivtPTeOUUT61jJO1Ya1TrR/OkqCSZDyq84WJh3LuuiphBYJN+fm5xufIk4XAFcEwte/8WzC8If/1g=="
    },
    "core-util-is": {
      "version": "1.0.2",
      "resolved": "https://registry.npmjs.org/core-util-is/-/core-util-is-1.0.2.tgz",
      "integrity": "sha1-tf1UIgqivFq1eqtxQMlAdUUDwac="
    },
    "debug": {
      "version": "2.6.8",
      "resolved": "https://registry.npmjs.org/debug/-/debug-2.6.8.tgz",
      "integrity": "sha1-5zFTHKLt4n0YgiJCfaF4IdaP9Pw=",
      "requires": {
        "ms": "2.0.0"
      }
    },
    "discovery-channel": {
      "version": "5.4.6",
      "resolved": "https://registry.npmjs.org/discovery-channel/-/discovery-channel-5.4.6.tgz",
      "integrity": "sha1-Gw8l5YEkUH6GG23D7LdENmu1PK0=",
      "requires": {
        "bittorrent-dht": "7.7.0",
        "debug": "2.6.8",
        "dns-discovery": "5.6.1",
        "pretty-hash": "1.0.1",
        "thunky": "0.1.0"
      }
    },
    "discovery-server": {
      "version": "1.1.0",
      "resolved": "https://registry.npmjs.org/discovery-server/-/discovery-server-1.1.0.tgz",
      "integrity": "sha512-WZQurpLFwWDSaKYXRkrmYY95/qFQSvuPJRNi+WYU19R4YGGeTBimfVvmfCLibTi4jxJek6clwLdOhoThu5mF1Q==",
      "requires": {
        "discovery-channel": "5.4.6",
        "utp-native": "1.6.2"
      }
    },
    "dns-discovery": {
      "version": "5.6.1",
      "resolved": "https://registry.npmjs.org/dns-discovery/-/dns-discovery-5.6.1.tgz",
      "integrity": "sha512-r27fv3lDuZXCqmb5b04tV2aDxVbwVJaSyPzwPlOYCUbk9F7JvsY+n7EBfY2Z952bGx5TZt3SLQ+ELFjfqyLVoA==",
      "requires": {
        "debug": "2.6.8",
        "dns-socket": "1.6.2",
        "dns-txt": "2.0.2",
        "lru": "2.0.1",
        "minimist": "1.2.0",
        "multicast-dns": "6.2.1",
        "network-address": "1.1.2",
        "unordered-set": "1.1.0"
      },
      "dependencies": {
        "lru": {
          "version": "2.0.1",
          "resolved": "https://registry.npmjs.org/lru/-/lru-2.0.1.tgz",
          "integrity": "sha1-+XmHHhYuP1yiVL5GhExT1MU2RUQ=",
          "requires": {
            "inherits": "2.0.3"
          }
        }
      }
    },
    "dns-packet": {
      "version": "1.2.2",
      "resolved": "https://registry.npmjs.org/dns-packet/-/dns-packet-1.2.2.tgz",
      "integrity": "sha512-kN+DjfGF7dJGUL7nWRktL9Z18t1rWP3aQlyZdY8XlpvU3Nc6GeFTQApftcjtWKxAZfiggZSGrCEoszNgvnpwDg==",
      "requires": {
        "ip": "1.1.5",
        "safe-buffer": "5.1.1"
      }
    },
    "dns-socket": {
      "version": "1.6.2",
      "resolved": "https://registry.npmjs.org/dns-socket/-/dns-socket-1.6.2.tgz",
      "integrity": "sha512-Ztbaf5fToBfm/4+sVEJi7mT2mJOLYYpI+TpgOhxwp5l28UwunTpHMccVhTe9L0F6pQ2cUF0ja9ukuTCtzYq2Ig==",
      "requires": {
        "dns-packet": "1.2.2"
      }
    },
    "dns-txt": {
      "version": "2.0.2",
      "resolved": "https://registry.npmjs.org/dns-txt/-/dns-txt-2.0.2.tgz",
      "integrity": "sha1-uR2Ab10nGI5Ks+fRB9iBocxGQrY=",
      "requires": {
        "buffer-indexof": "1.1.1"
      }
    },
    "follow-redirects": {
      "version": "1.2.4",
      "resolved": "https://registry.npmjs.org/follow-redirects/-/follow-redirects-1.2.4.tgz",
      "integrity": "sha512-Suw6KewLV2hReSyEOeql+UUkBVyiBm3ok1VPrVFRZnQInWpdoZbbiG5i8aJVSjTr0yQ4Ava0Sh6/joCg1Brdqw==",
      "requires": {
        "debug": "2.6.8"
      }
    },
    "get-port": {
      "version": "3.1.0",
      "resolved": "https://registry.npmjs.org/get-port/-/get-port-3.1.0.tgz",
      "integrity": "sha1-7wGxioTKZIaXD/meVERhQac//T4="
    },
    "inherits": {
      "version": "2.0.3",
      "resolved": "https://registry.npmjs.org/inherits/-/inherits-2.0.3.tgz",
      "integrity": "sha1-Yzwsg+PaQqUC9SRmAiSA9CCCYd4="
    },
    "ip": {
      "version": "1.1.5",
      "resolved": "https://registry.npmjs.org/ip/-/ip-1.1.5.tgz",
      "integrity": "sha1-vd7XARQpCCjAoDnnLvJfWq7ENUo="
    },
    "is-buffer": {
      "version": "1.1.5",
      "resolved": "https://registry.npmjs.org/is-buffer/-/is-buffer-1.1.5.tgz",
      "integrity": "sha1-Hzsm72E7IUuIy8ojzGwB2Hlh7sw="
    },
    "isarray": {
      "version": "1.0.0",
      "resolved": "https://registry.npmjs.org/isarray/-/isarray-1.0.0.tgz",
      "integrity": "sha1-u5NdSFgsuhaMBoNJV6VKPgcSTxE="
    },
    "k-bucket": {
      "version": "3.3.0",
      "resolved": "https://registry.npmjs.org/k-bucket/-/k-bucket-3.3.0.tgz",
      "integrity": "sha512-WIAQ54LfNjzt4viUIEVnXo9cr7ALS9Yocg+USLoiO89Uvbf9hz0OBtqmfzSr49kT3vbnhlzFfsJHFQ0xnp7LbA==",
      "requires": {
        "buffer-equals": "1.0.4",
        "inherits": "2.0.3",
        "randombytes": "2.0.5"
      }
    },
    "k-rpc": {
      "version": "4.2.0",
      "resolved": "https://registry.npmjs.org/k-rpc/-/k-rpc-4.2.0.tgz",
      "integrity": "sha512-w+Dwo4nYWvV6aeuaMI7JPwrofjzUdN2rX6gONvsQF3g6CNV0UnKpiPqzDGUjX3ginPEkKYKUIpmJZiHmzpM9kg==",
      "requires": {
        "buffer-equals": "1.0.4",
        "k-bucket": "3.3.0",
        "k-rpc-socket": "1.7.1",
        "randombytes": "2.0.5",
        "safe-buffer": "5.1.1"
      }
    },
    "k-rpc-socket": {
      "version": "1.7.1",
      "resolved": "https://registry.npmjs.org/k-rpc-socket/-/k-rpc-socket-1.7.1.tgz",
      "integrity": "sha512-FmHDmrT6sIs2MM/uMYW0Jmjd01wk2NxzPd6+9iH7onvutqhWXZ8PoZ9p/mVS58SQILC7jKZacC72V5QNkvAXew==",
      "requires": {
        "bencode": "1.0.0",
        "safe-buffer": "5.1.1"
      }
    },
    "lru": {
      "version": "3.1.0",
      "resolved": "https://registry.npmjs.org/lru/-/lru-3.1.0.tgz",
      "integrity": "sha1-6n+4VG2DczOWoTCR12z+tMBoN9U=",
      "requires": {
        "inherits": "2.0.3"
      }
    },
    "minimist": {
      "version": "1.2.0",
      "resolved": "https://registry.npmjs.org/minimist/-/minimist-1.2.0.tgz",
      "integrity": "sha1-o1AIsg9BOD7sH7kU9M1d95omQoQ="
    },
    "ms": {
      "version": "2.0.0",
      "resolved": "https://registry.npmjs.org/ms/-/ms-2.0.0.tgz",
      "integrity": "sha1-VgiurfwAvmwpAd9fmGF4jeDVl8g="
    },
    "multicast-dns": {
      "version": "6.2.1",
      "resolved": "https://registry.npmjs.org/multicast-dns/-/multicast-dns-6.2.1.tgz",
      "integrity": "sha512-uV3/ckdsffHx9IrGQrx613mturMdMqQ06WTq+C09NsStJ9iNG6RcUWgPKs1Rfjy+idZT6tfQoXEusGNnEZhT3w==",
      "requires": {
        "dns-packet": "1.2.2",
        "thunky": "0.1.0"
      }
    },
    "nan": {
      "version": "2.8.0",
      "resolved": "https://registry.npmjs.org/nan/-/nan-2.8.0.tgz",
      "integrity": "sha1-7XFfP+neArV6XmJS2QqWZ14fCFo="
    },
    "network-address": {
      "version": "1.1.2",
      "resolved": "https://registry.npmjs.org/network-address/-/network-address-1.1.2.tgz",
      "integrity": "sha1-Sqe/1D8D8LgclwKxPWqFjdsybz4="
    },
    "node-gyp-build": {
      "version": "3.2.2",
      "resolved": "https://registry.npmjs.org/node-gyp-build/-/node-gyp-build-3.2.2.tgz",
      "integrity": "sha512-t8W/0UqFGl1c+5ORA3NoT3npU+PxWBL9iPhY7ZySSTszodj3RWexmu8niayWBE0v+0DLARvOXsjaAvfmSEQOyQ=="
    },
    "pretty-hash": {
      "version": "1.0.1",
      "resolved": "https://registry.npmjs.org/pretty-hash/-/pretty-hash-1.0.1.tgz",
      "integrity": "sha1-FuBXkYje9WvbVliSvNBaXWUySAc="
    },
    "process-nextick-args": {
      "version": "1.0.7",
      "resolved": "https://registry.npmjs.org/process-nextick-args/-/process-nextick-args-1.0.7.tgz",
      "integrity": "sha1-FQ4gt1ZZCtP5EJPyWk8q2L/zC6M="
    },
    "randombytes": {
      "version": "2.0.5",
      "resolved": "https://registry.npmjs.org/randombytes/-/randombytes-2.0.5.tgz",
      "integrity": "sha512-8T7Zn1AhMsQ/HI1SjcCfT/t4ii3eAqco3yOcSzS4mozsOz69lHLsoMXmF9nZgnFanYscnSlUSgs8uZyKzpE6kg==",
      "requires": {
        "safe-buffer": "5.1.1"
      }
    },
    "readable-stream": {
      "version": "2.3.3",
      "resolved": "https://registry.npmjs.org/readable-stream/-/readable-stream-2.3.3.tgz",
      "integrity": "sha512-m+qzzcn7KUxEmd1gMbchF+Y2eIUbieUaxkWtptyHywrX0rE8QEYqPC07Vuy4Wm32/xE16NcdBctb8S0Xe/5IeQ==",
      "requires": {
        "core-util-is": "1.0.2",
        "inherits": "2.0.3",
        "isarray": "1.0.0",
        "process-nextick-args": "1.0.7",
        "safe-buffer": "5.1.1",
        "string_decoder": "1.0.3",
        "util-deprecate": "1.0.2"
      }
    },
    "rusha": {
      "version": "0.8.7",
      "resolved": "https://registry.npmjs.org/rusha/-/rusha-0.8.7.tgz",
      "integrity": "sha1-MGc7fpX6/g6+H+JN1tlf1gX5Tt4="
    },
    "safe-buffer": {
      "version": "5.1.1",
      "resolved": "https://registry.npmjs.org/safe-buffer/-/safe-buffer-5.1.1.tgz",
      "integrity": "sha512-kKvNJn6Mm93gAczWVJg7wH+wGYWNrDHdWvpUmHyEsgCtIwwo3bqPtV4tR5tuPaUhTOo/kvhVwd8XwwOllGYkbg=="
    },
    "simple-sha1": {
      "version": "2.1.0",
      "resolved": "https://registry.npmjs.org/simple-sha1/-/simple-sha1-2.1.0.tgz",
      "integrity": "sha1-lCe7lv8SY8wQqEFM7dUaGLkZ6LM=",
      "requires": {
        "rusha": "0.8.7"
      }
    },
    "string_decoder": {
      "version": "1.0.3",
      "resolved": "https://registry.npmjs.org/string_decoder/-/string_decoder-1.0.3.tgz",
      "integrity": "sha512-4AH6Z5fzNNBcH+6XDMfA/BTt87skxqJlO0lAh3Dker5zThcAxG6mKz+iGu308UKoPPQ8Dcqx/4JhujzltRa+hQ==",
      "requires": {
        "safe-buffer": "5.1.1"
      }
    },
    "thunky": {
      "version": "0.1.0",
      "resolved": "https://registry.npmjs.org/thunky/-/thunky-0.1.0.tgz",
      "integrity": "sha1-vzAUaCTituZ7Dy16Ssi+smkIaE4="
    },
    "unordered-set": {
      "version": "1.1.0",
      "resolved": "https://registry.npmjs.org/unordered-set/-/unordered-set-1.1.0.tgz",
      "integrity": "sha1-K6fvMW7dC5WQzFR8dPdqLxZP7Mo="
    },
    "util-deprecate": {
      "version": "1.0.2",
      "resolved": "https://registry.npmjs.org/util-deprecate/-/util-deprecate-1.0.2.tgz",
      "integrity": "sha1-RQ1Nyfpw3nMnYvvS1KKJgUGaDM8="
    },
    "utp-native": {
      "version": "1.6.2",
      "resolved": "https://registry.npmjs.org/utp-native/-/utp-native-1.6.2.tgz",
      "integrity": "sha512-z724NhTLcRQeBBM0W9npDpwCZvsj2veD3/NKFjKfdS5AlTr4EQRIzl85JupKNAc1PjlhjOWIzObvJrQq3FjLqg==",
      "requires": {
        "nan": "2.8.0",
        "node-gyp-build": "3.2.2",
        "readable-stream": "2.3.3"
      }
    }
  }
}
